// !$*UTF8*$!
{
	archiveVersion = 1;
	classes = {
	};
	objectVersion = 77;
	objects = {

/* Begin PBXBuildFile section */
		F8D275422FB8BC1C00D35C21 /* WidgetKit.framework in Frameworks */ = {isa = PBXBuildFile; fileRef = F8D275412FB8BC1C00D35C21 /* WidgetKit.framework */; };
		F8D275442FB8BC1C00D35C21 /* SwiftUI.framework in Frameworks */ = {isa = PBXBuildFile; fileRef = F8D275432FB8BC1C00D35C21 /* SwiftUI.framework */; };
		F8D275552FB8BC1C00D35C21 /* LOLIVEWidgetsExtension.appex in Embed Foundation Extensions */ = {isa = PBXBuildFile; fileRef = F8D2753F2FB8BC1C00D35C21 /* LOLIVEWidgetsExtension.appex */; settings = {ATTRIBUTES = (RemoveHeadersOnCopy, ); }; };
/* End PBXBuildFile section */

/* Begin PBXContainerItemProxy section */
		F8D274A32FB7354C00D35C21 /* PBXContainerItemProxy */ = {
			isa = PBXContainerItemProxy;
			containerPortal = F8D2748D2FB7354B00D35C21 /* Project object */;
			proxyType = 1;
			remoteGlobalIDString = F8D274942FB7354B00D35C21;
			remoteInfo = LOLIVE;
		};
		F8D274AD2FB7354C00D35C21 /* PBXContainerItemProxy */ = {
			isa = PBXContainerItemProxy;
			containerPortal = F8D2748D2FB7354B00D35C21 /* Project object */;
			proxyType = 1;
			remoteGlobalIDString = F8D274942FB7354B00D35C21;
			remoteInfo = LOLIVE;
		};
		F8D275532FB8BC1C00D35C21 /* PBXContainerItemProxy */ = {
			isa = PBXContainerItemProxy;
			containerPortal = F8D2748D2FB7354B00D35C21 /* Project object */;
			proxyType = 1;
			remoteGlobalIDString = F8D2753E2FB8BC1C00D35C21;
			remoteInfo = LOLIVEWidgetsExtension;
		};
/* End PBXContainerItemProxy section */

/* Begin PBXCopyFilesBuildPhase section */
		F8D2755A2FB8BC1C00D35C21 /* Embed Foundation Extensions */ = {
			isa = PBXCopyFilesBuildPhase;
			buildActionMask = 2147483647;
			dstPath = "";
			dstSubfolderSpec = 13;
			files = (
				F8D275552FB8BC1C00D35C21 /* LOLIVEWidgetsExtension.appex in Embed Foundation Extensions */,
			);
			name = "Embed Foundation Extensions";
			runOnlyForDeploymentPostprocessing = 0;
		};
/* End PBXCopyFilesBuildPhase section */

/* Begin PBXFileReference section */
		F8D274952FB7354B00D35C21 /* LOLIVE.app */ = {isa = PBXFileReference; explicitFileType = wrapper.application; includeInIndex = 0; path = LOLIVE.app; sourceTree = BUILT_PRODUCTS_DIR; };
		F8D274A22FB7354C00D35C21 /* LOLIVETests.xctest */ = {isa = PBXFileReference; explicitFileType = wrapper.cfbundle; includeInIndex = 0; path = LOLIVETests.xctest; sourceTree = BUILT_PRODUCTS_DIR; };
		F8D274AC2FB7354C00D35C21 /* LOLIVEUITests.xctest */ = {isa = PBXFileReference; explicitFileType = wrapper.cfbundle; includeInIndex = 0; path = LOLIVEUITests.xctest; sourceTree = BUILT_PRODUCTS_DIR; };
		F8D2753F2FB8BC1C00D35C21 /* LOLIVEWidgetsExtension.appex */ = {isa = PBXFileReference; explicitFileType = "wrapper.app-extension"; includeInIndex = 0; path = LOLIVEWidgetsExtension.appex; sourceTree = BUILT_PRODUCTS_DIR; };
		F8D275412FB8BC1C00D35C21 /* WidgetKit.framework */ = {isa = PBXFileReference; lastKnownFileType = wrapper.framework; name = WidgetKit.framework; path = System/Library/Frameworks/WidgetKit.framework; sourceTree = SDKROOT; };
		F8D275432FB8BC1C00D35C21 /* SwiftUI.framework */ = {isa = PBXFileReference; lastKnownFileType = wrapper.framework; name = SwiftUI.framework; path = System/Library/Frameworks/SwiftUI.framework; sourceTree = SDKROOT; };
		F8D275E22FBA250600D35C21 /* LOLIVEWidgetsExtension.entitlements */ = {isa = PBXFileReference; lastKnownFileType = text.plist.entitlements; path = LOLIVEWidgetsExtension.entitlements; sourceTree = "<group>"; };
/* End PBXFileReference section */

/* Begin PBXFileSystemSynchronizedBuildFileExceptionSet section */
		F8D275562FB8BC1C00D35C21 /* Exceptions for "LOLIVEWidgets" folder in "LOLIVEWidgetsExtension" target */ = {
			isa = PBXFileSystemSynchronizedBuildFileExceptionSet;
			membershipExceptions = (
				Info.plist,
			);
			target = F8D2753E2FB8BC1C00D35C21 /* LOLIVEWidgetsExtension */;
		};
/* End PBXFileSystemSynchronizedBuildFileExceptionSet section */

/* Begin PBXFileSystemSynchronizedRootGroup section */
		F8D274972FB7354B00D35C21 /* LOLIVE */ = {
			isa = PBXFileSystemSynchronizedRootGroup;
			path = LOLIVE;
			sourceTree = "<group>";
		};
		F8D274A52FB7354C00D35C21 /* LOLIVETests */ = {
			isa = PBXFileSystemSynchronizedRootGroup;
			path = LOLIVETests;
			sourceTree = "<group>";
		};
		F8D274AF2FB7354C00D35C21 /* LOLIVEUITests */ = {
			isa = PBXFileSystemSynchronizedRootGroup;
			path = LOLIVEUITests;
			sourceTree = "<group>";
		};
		F8D275452FB8BC1C00D35C21 /* LOLIVEWidgets */ = {
			isa = PBXFileSystemSynchronizedRootGroup;
			exceptions = (
				F8D275562FB8BC1C00D35C21 /* Exceptions for "LOLIVEWidgets" folder in "LOLIVEWidgetsExtension" target */,
			);
			path = LOLIVEWidgets;
			sourceTree = "<group>";
		};
/* End PBXFileSystemSynchronizedRootGroup section */

/* Begin PBXFrameworksBuildPhase section */
		F8D274922FB7354B00D35C21 /* Frameworks */ = {
			isa = PBXFrameworksBuildPhase;
			buildActionMask = 2147483647;
			files = (
			);
			runOnlyForDeploymentPostprocessing = 0;
		};
		F8D2749F2FB7354C00D35C21 /* Frameworks */ = {
			isa = PBXFrameworksBuildPhase;
			buildActionMask = 2147483647;
			files = (
			);
			runOnlyForDeploymentPostprocessing = 0;
		};
		F8D274A92FB7354C00D35C21 /* Frameworks */ = {
			isa = PBXFrameworksBuildPhase;
			buildActionMask = 2147483647;
			files = (
			);
			runOnlyForDeploymentPostprocessing = 0;
		};
		F8D2753C2FB8BC1C00D35C21 /* Frameworks */ = {
			isa = PBXFrameworksBuildPhase;
			buildActionMask = 2147483647;
			files = (
				F8D275442FB8BC1C00D35C21 /* SwiftUI.framework in Frameworks */,
				F8D275422FB8BC1C00D35C21 /* WidgetKit.framework in Frameworks */,
			);
			runOnlyForDeploymentPostprocessing = 0;
		};
/* End PBXFrameworksBuildPhase section */

/* Begin PBXGroup section */
		F8D2748C2FB7354B00D35C21 = {
			isa = PBXGroup;
			children = (
				F8D275E22FBA250600D35C21 /* LOLIVEWidgetsExtension.entitlements */,
				F8D274972FB7354B00D35C21 /* LOLIVE */,
				F8D274A52FB7354C00D35C21 /* LOLIVETests */,
				F8D274AF2FB7354C00D35C21 /* LOLIVEUITests */,
				F8D275452FB8BC1C00D35C21 /* LOLIVEWidgets */,
				F8D275402FB8BC1C00D35C21 /* Frameworks */,
				F8D274962FB7354B00D35C21 /* Products */,
			);
			sourceTree = "<group>";
		};
		F8D274962FB7354B00D35C21 /* Products */ = {
			isa = PBXGroup;
			children = (
				F8D274952FB7354B00D35C21 /* LOLIVE.app */,
				F8D274A22FB7354C00D35C21 /* LOLIVETests.xctest */,
				F8D274AC2FB7354C00D35C21 /* LOLIVEUITests.xctest */,
				F8D2753F2FB8BC1C00D35C21 /* LOLIVEWidgetsExtension.appex */,
			);
			name = Products;
			sourceTree = "<group>";
		};
		F8D275402FB8BC1C00D35C21 /* Frameworks */ = {
			isa = PBXGroup;
			children = (
				F8D275412FB8BC1C00D35C21 /* WidgetKit.framework */,
				F8D275432FB8BC1C00D35C21 /* SwiftUI.framework */,
			);
			name = Frameworks;
			sourceTree = "<group>";
		};
/* End PBXGroup section */

/* Begin PBXNativeTarget section */
		F8D274942FB7354B00D35C21 /* LOLIVE */ = {
			isa = PBXNativeTarget;
			buildConfigurationList = F8D274B62FB7354C00D35C21 /* Build configuration list for PBXNativeTarget "LOLIVE" */;
			buildPhases = (
				F8D274912FB7354B00D35C21 /* Sources */,
				F8D274922FB7354B00D35C21 /* Frameworks */,
				F8D274932FB7354B00D35C21 /* Resources */,
				F8D2755A2FB8BC1C00D35C21 /* Embed Foundation Extensions */,
			);
			buildRules = (
			);
			dependencies = (
				F8D275542FB8BC1C00D35C21 /* PBXTargetDependency */,
			);
			fileSystemSynchronizedGroups = (
				F8D274972FB7354B00D35C21 /* LOLIVE */,
			);
			name = LOLIVE;
			packageProductDependencies = (
			);
			productName = LOLIVE;
			productReference = F8D274952FB7354B00D35C21 /* LOLIVE.app */;
			productType = "com.apple.product-type.application";
		};
		F8D274A12FB7354C00D35C21 /* LOLIVETests */ = {
			isa = PBXNativeTarget;
			buildConfigurationList = F8D274B92FB7354C00D35C21 /* Build configuration list for PBXNativeTarget "LOLIVETests" */;
			buildPhases = (
				F8D2749E2FB7354C00D35C21 /* Sources */,
				F8D2749F2FB7354C00D35C21 /* Frameworks */,
				F8D274A02FB7354C00D35C21 /* Resources */,
			);
			buildRules = (
			);
			dependencies = (
				F8D274A42FB7354C00D35C21 /* PBXTargetDependency */,
			);
			fileSystemSynchronizedGroups = (
				F8D274A52FB7354C00D35C21 /* LOLIVETests */,
			);
			name = LOLIVETests;
			packageProductDependencies = (
			);
			productName = LOLIVETests;
			productReference = F8D274A22FB7354C00D35C21 /* LOLIVETests.xctest */;
			productType = "com.apple.product-type.bundle.unit-test";
		};
		F8D274AB2FB7354C00D35C21 /* LOLIVEUITests */ = {
			isa = PBXNativeTarget;
			buildConfigurationList = F8D274BC2FB7354C00D35C21 /* Build configuration list for PBXNativeTarget "LOLIVEUITests" */;
			buildPhases = (
				F8D274A82FB7354C00D35C21 /* Sources */,
				F8D274A92FB7354C00D35C21 /* Frameworks */,
				F8D274AA2FB7354C00D35C21 /* Resources */,
			);
			buildRules = (
			);
			dependencies = (
				F8D274AE2FB7354C00D35C21 /* PBXTargetDependency */,
			);
			fileSystemSynchronizedGroups = (
				F8D274AF2FB7354C00D35C21 /* LOLIVEUITests */,
			);
			name = LOLIVEUITests;
			packageProductDependencies = (
			);
			productName = LOLIVEUITests;
			productReference = F8D274AC2FB7354C00D35C21 /* LOLIVEUITests.xctest */;
			productType = "com.apple.product-type.bundle.ui-testing";
		};
		F8D2753E2FB8BC1C00D35C21 /* LOLIVEWidgetsExtension */ = {
			isa = PBXNativeTarget;
			buildConfigurationList = F8D275572FB8BC1C00D35C21 /* Build configuration list for PBXNativeTarget "LOLIVEWidgetsExtension" */;
			buildPhases = (
				F8D2753B2FB8BC1C00D35C21 /* Sources */,
				F8D2753C2FB8BC1C00D35C21 /* Frameworks */,
				F8D2753D2FB8BC1C00D35C21 /* Resources */,
			);
			buildRules = (
			);
			dependencies = (
			);
			fileSystemSynchronizedGroups = (
				F8D275452FB8BC1C00D35C21 /* LOLIVEWidgets */,
			);
			name = LOLIVEWidgetsExtension;
			packageProductDependencies = (
			);
			productName = LOLIVEWidgetsExtension;
			productReference = F8D2753F2FB8BC1C00D35C21 /* LOLIVEWidgetsExtension.appex */;
			productType = "com.apple.product-type.app-extension";
		};
/* End PBXNativeTarget section */

/* Begin PBXProject section */
		F8D2748D2FB7354B00D35C21 /* Project object */ = {
			isa = PBXProject;
			attributes = {
				BuildIndependentTargetsInParallel = 1;
				LastSwiftUpdateCheck = 2630;
				LastUpgradeCheck = 2630;
				TargetAttributes = {
					F8D274942FB7354B00D35C21 = {
						CreatedOnToolsVersion = 26.3;
					};
					F8D274A12FB7354C00D35C21 = {
						CreatedOnToolsVersion = 26.3;
						TestTargetID = F8D274942FB7354B00D35C21;
					};
					F8D274AB2FB7354C00D35C21 = {
						CreatedOnToolsVersion = 26.3;
						TestTargetID = F8D274942FB7354B00D35C21;
					};
					F8D2753E2FB8BC1C00D35C21 = {
						CreatedOnToolsVersion = 26.3;
					};
				};
			};
			buildConfigurationList = F8D274902FB7354B00D35C21 /* Build configuration list for PBXProject "LOLIVE" */;
			developmentRegion = en;
			hasScannedForEncodings = 0;
			knownRegions = (
				en,
				Base,
			);
			mainGroup = F8D2748C2FB7354B00D35C21;
			minimizedProjectReferenceProxies = 1;
			packageReferences = (
			);
			preferredProjectObjectVersion = 77;
			productRefGroup = F8D274962FB7354B00D35C21 /* Products */;
			projectDirPath = "";
			projectRoot = "";
			targets = (
				F8D274942FB7354B00D35C21 /* LOLIVE */,
				F8D274A12FB7354C00D35C21 /* LOLIVETests */,
				F8D274AB2FB7354C00D35C21 /* LOLIVEUITests */,
				F8D2753E2FB8BC1C00D35C21 /* LOLIVEWidgetsExtension */,
			);
		};
/* End PBXProject section */

/* Begin PBXResourcesBuildPhase section */
		F8D274932FB7354B00D35C21 /* Resources */ = {
			isa = PBXResourcesBuildPhase;
			buildActionMask = 2147483647;
			files = (
			);
			runOnlyForDeploymentPostprocessing = 0;
		};
		F8D274A02FB7354C00D35C21 /* Resources */ = {
			isa = PBXResourcesBuildPhase;
			buildActionMask = 2147483647;
			files = (
			);
			runOnlyForDeploymentPostprocessing = 0;
		};
		F8D274AA2FB7354C00D35C21 /* Resources */ = {
			isa = PBXResourcesBuildPhase;
			buildActionMask = 2147483647;
			files = (
			);
			runOnlyForDeploymentPostprocessing = 0;
		};
		F8D2753D2FB8BC1C00D35C21 /* Resources */ = {
			isa = PBXResourcesBuildPhase;
			buildActionMask = 2147483647;
			files = (
			);
			runOnlyForDeploymentPostprocessing = 0;
		};
/* End PBXResourcesBuildPhase section */

/* Begin PBXSourcesBuildPhase section */
		F8D274912FB7354B00D35C21 /* Sources */ = {
			isa = PBXSourcesBuildPhase;
			buildActionMask = 2147483647;
			files = (
			);
			runOnlyForDeploymentPostprocessing = 0;
		};
		F8D2749E2FB7354C00D35C21 /* Sources */ = {
			isa = PBXSourcesBuildPhase;
			buildActionMask = 2147483647;
			files = (
			);
			runOnlyForDeploymentPostprocessing = 0;
		};
		F8D274A82FB7354C00D35C21 /* Sources */ = {
			isa = PBXSourcesBuildPhase;
			buildActionMask = 2147483647;
			files = (
			);
			runOnlyForDeploymentPostprocessing = 0;
		};
		F8D2753B2FB8BC1C00D35C21 /* Sources */ = {
			isa = PBXSourcesBuildPhase;
			buildActionMask = 2147483647;
			files = (
			);
			runOnlyForDeploymentPostprocessing = 0;
		};
/* End PBXSourcesBuildPhase section */

/* Begin PBXTargetDependency section */
		F8D274A42FB7354C00D35C21 /* PBXTargetDependency */ = {
			isa = PBXTargetDependency;
			target = F8D274942FB7354B00D35C21 /* LOLIVE */;
			targetProxy = F8D274A32FB7354C00D35C21 /* PBXContainerItemProxy */;
		};
		F8D274AE2FB7354C00D35C21 /* PBXTargetDependency */ = {
			isa = PBXTargetDependency;
			target = F8D274942FB7354B00D35C21 /* LOLIVE */;
			targetProxy = F8D274AD2FB7354C00D35C21 /* PBXContainerItemProxy */;
		};
		F8D275542FB8BC1C00D35C21 /* PBXTargetDependency */ = {
			isa = PBXTargetDependency;
			target = F8D2753E2FB8BC1C00D35C21 /* LOLIVEWidgetsExtension */;
			targetProxy = F8D275532FB8BC1C00D35C21 /* PBXContainerItemProxy */;
		};
/* End PBXTargetDependency section */

/* Begin XCBuildConfiguration section */
		F8D274B42FB7354C00D35C21 /* Debug */ = {
			isa = XCBuildConfiguration;
			buildSettings = {
				ALWAYS_SEARCH_USER_PATHS = NO;
				ASSETCATALOG_COMPILER_GENERATE_SWIFT_ASSET_SYMBOL_EXTENSIONS = YES;
				CLANG_ANALYZER_NONNULL = YES;
				CLANG_ANALYZER_NUMBER_OBJECT_CONVERSION = YES_AGGRESSIVE;
				CLANG_CXX_LANGUAGE_STANDARD = "gnu++20";
				CLANG_ENABLE_MODULES = YES;
				CLANG_ENABLE_OBJC_ARC = YES;
				CLANG_ENABLE_OBJC_WEAK = YES;
				CLANG_WARN_BLOCK_CAPTURE_AUTORELEASING = YES;
				CLANG_WARN_BOOL_CONVERSION = YES;
				CLANG_WARN_COMMA = YES;
				CLANG_WARN_CONSTANT_CONVERSION = YES;
				CLANG_WARN_DEPRECATED_OBJC_IMPLEMENTATIONS = YES;
				CLANG_WARN_DIRECT_OBJC_ISA_USAGE = YES_ERROR;
				CLANG_WARN_DOCUMENTATION_COMMENTS = YES;
				CLANG_WARN_EMPTY_BODY = YES;
				CLANG_WARN_ENUM_CONVERSION = YES;
				CLANG_WARN_INFINITE_RECURSION = YES;
				CLANG_WARN_INT_CONVERSION = YES;
				CLANG_WARN_NON_LITERAL_NULL_CONVERSION = YES;
				CLANG_WARN_OBJC_IMPLICIT_RETAIN_SELF = YES;
				CLANG_WARN_OBJC_LITERAL_CONVERSION = YES;
				CLANG_WARN_OBJC_ROOT_CLASS = YES_ERROR;
				CLANG_WARN_QUOTED_INCLUDE_IN_FRAMEWORK_HEADER = YES;
				CLANG_WARN_RANGE_LOOP_ANALYSIS = YES;
				CLANG_WARN_STRICT_PROTOTYPES = YES;
				CLANG_WARN_SUSPICIOUS_MOVE = YES;
				CLANG_WARN_UNGUARDED_AVAILABILITY = YES_AGGRESSIVE;
				CLANG_WARN_UNREACHABLE_CODE = YES;
				CLANG_WARN__DUPLICATE_METHOD_MATCH = YES;
				COPY_PHASE_STRIP = NO;
				DEBUG_INFORMATION_FORMAT = dwarf;
				DEVELOPMENT_TEAM = C5P7V9S6NT;
				ENABLE_STRICT_OBJC_MSGSEND = YES;
				ENABLE_TESTABILITY = YES;
				ENABLE_USER_SCRIPT_SANDBOXING = YES;
				GCC_C_LANGUAGE_STANDARD = gnu17;
				GCC_DYNAMIC_NO_PIC = NO;
				GCC_NO_COMMON_BLOCKS = YES;
				GCC_OPTIMIZATION_LEVEL = 0;
				GCC_PREPROCESSOR_DEFINITIONS = (
					"DEBUG=1",
					"$(inherited)",
				);
				GCC_WARN_64_TO_32_BIT_CONVERSION = YES;
				GCC_WARN_ABOUT_RETURN_TYPE = YES_ERROR;
				GCC_WARN_UNDECLARED_SELECTOR = YES;
				GCC_WARN_UNINITIALIZED_AUTOS = YES_AGGRESSIVE;
				GCC_WARN_UNUSED_FUNCTION = YES;
				GCC_WARN_UNUSED_VARIABLE = YES;
				LOCALIZATION_PREFERS_STRING_CATALOGS = YES;
				MTL_ENABLE_DEBUG_INFO = INCLUDE_SOURCE;
				MTL_FAST_MATH = YES;
				ONLY_ACTIVE_ARCH = YES;
				SWIFT_ACTIVE_COMPILATION_CONDITIONS = "DEBUG $(inherited)";
				SWIFT_OPTIMIZATION_LEVEL = "-Onone";
			};
			name = Debug;
		};
		F8D274B52FB7354C00D35C21 /* Release */ = {
			isa = XCBuildConfiguration;
			buildSettings = {
				ALWAYS_SEARCH_USER_PATHS = NO;
				ASSETCATALOG_COMPILER_GENERATE_SWIFT_ASSET_SYMBOL_EXTENSIONS = YES;
				CLANG_ANALYZER_NONNULL = YES;
				CLANG_ANALYZER_NUMBER_OBJECT_CONVERSION = YES_AGGRESSIVE;
				CLANG_CXX_LANGUAGE_STANDARD = "gnu++20";
				CLANG_ENABLE_MODULES = YES;
				CLANG_ENABLE_OBJC_ARC = YES;
				CLANG_ENABLE_OBJC_WEAK = YES;
				CLANG_WARN_BLOCK_CAPTURE_AUTORELEASING = YES;
				CLANG_WARN_BOOL_CONVERSION = YES;
				CLANG_WARN_COMMA = YES;
				CLANG_WARN_CONSTANT_CONVERSION = YES;
				CLANG_WARN_DEPRECATED_OBJC_IMPLEMENTATIONS = YES;
				CLANG_WARN_DIRECT_OBJC_ISA_USAGE = YES_ERROR;
				CLANG_WARN_DOCUMENTATION_COMMENTS = YES;
				CLANG_WARN_EMPTY_BODY = YES;
				CLANG_WARN_ENUM_CONVERSION = YES;
				CLANG_WARN_INFINITE_RECURSION = YES;
				CLANG_WARN_INT_CONVERSION = YES;
				CLANG_WARN_NON_LITERAL_NULL_CONVERSION = YES;
				CLANG_WARN_OBJC_IMPLICIT_RETAIN_SELF = YES;
				CLANG_WARN_OBJC_LITERAL_CONVERSION = YES;
				CLANG_WARN_OBJC_ROOT_CLASS = YES_ERROR;
				CLANG_WARN_QUOTED_INCLUDE_IN_FRAMEWORK_HEADER = YES;
				CLANG_WARN_RANGE_LOOP_ANALYSIS = YES;
				CLANG_WARN_STRICT_PROTOTYPES = YES;
				CLANG_WARN_SUSPICIOUS_MOVE = YES;
				CLANG_WARN_UNGUARDED_AVAILABILITY = YES_AGGRESSIVE;
				CLANG_WARN_UNREACHABLE_CODE = YES;
				CLANG_WARN__DUPLICATE_METHOD_MATCH = YES;
				COPY_PHASE_STRIP = NO;
				DEBUG_INFORMATION_FORMAT = "dwarf-with-dsym";
				DEVELOPMENT_TEAM = C5P7V9S6NT;
				ENABLE_NS_ASSERTIONS = NO;
				ENABLE_STRICT_OBJC_MSGSEND = YES;
				ENABLE_USER_SCRIPT_SANDBOXING = YES;
				GCC_C_LANGUAGE_STANDARD = gnu17;
				GCC_NO_COMMON_BLOCKS = YES;
				GCC_WARN_64_TO_32_BIT_CONVERSION = YES;
				GCC_WARN_ABOUT_RETURN_TYPE = YES_ERROR;
				GCC_WARN_UNDECLARED_SELECTOR = YES;
				GCC_WARN_UNINITIALIZED_AUTOS = YES_AGGRESSIVE;
				GCC_WARN_UNUSED_FUNCTION = YES;
				GCC_WARN_UNUSED_VARIABLE = YES;
				LOCALIZATION_PREFERS_STRING_CATALOGS = YES;
				MTL_ENABLE_DEBUG_INFO = NO;
				MTL_FAST_MATH = YES;
				SWIFT_COMPILATION_MODE = wholemodule;
			};
			name = Release;
		};
		F8D274B72FB7354C00D35C21 /* Debug */ = {
			isa = XCBuildConfiguration;
			buildSettings = {
				ASSETCATALOG_COMPILER_APPICON_NAME = AppIcon;
				ASSETCATALOG_COMPILER_GLOBAL_ACCENT_COLOR_NAME = AccentColor;
				CODE_SIGN_ENTITLEMENTS = LOLIVE/LOLIVE.entitlements;
				CODE_SIGN_STYLE = Automatic;
				CURRENT_PROJECT_VERSION = 1;
				DEVELOPMENT_TEAM = C5P7V9S6NT;
				ENABLE_APP_SANDBOX = YES;
				ENABLE_HARDENED_RUNTIME = YES;
				ENABLE_PREVIEWS = YES;
				ENABLE_USER_SELECTED_FILES = readonly;
				GENERATE_INFOPLIST_FILE = YES;
				INFOPLIST_KEY_NSSupportsLiveActivities = YES;
				INFOPLIST_KEY_NSSupportsLiveActivitiesFrequentUpdates = YES;
				"INFOPLIST_KEY_UIApplicationSceneManifest_Generation[sdk=iphoneos*]" = YES;
				"INFOPLIST_KEY_UIApplicationSceneManifest_Generation[sdk=iphonesimulator*]" = YES;
				"INFOPLIST_KEY_UIApplicationSupportsIndirectInputEvents[sdk=iphoneos*]" = YES;
				"INFOPLIST_KEY_UIApplicationSupportsIndirectInputEvents[sdk=iphonesimulator*]" = YES;
				"INFOPLIST_KEY_UILaunchScreen_Generation[sdk=iphoneos*]" = YES;
				"INFOPLIST_KEY_UILaunchScreen_Generation[sdk=iphonesimulator*]" = YES;
				"INFOPLIST_KEY_UIStatusBarStyle[sdk=iphoneos*]" = UIStatusBarStyleDefault;
				"INFOPLIST_KEY_UIStatusBarStyle[sdk=iphonesimulator*]" = UIStatusBarStyleDefault;
				INFOPLIST_KEY_UISupportedInterfaceOrientations_iPad = "UIInterfaceOrientationPortrait UIInterfaceOrientationPortraitUpsideDown UIInterfaceOrientationLandscapeLeft UIInterfaceOrientationLandscapeRight";
				INFOPLIST_KEY_UISupportedInterfaceOrientations_iPhone = "UIInterfaceOrientationPortrait UIInterfaceOrientationLandscapeLeft UIInterfaceOrientationLandscapeRight";
				IPHONEOS_DEPLOYMENT_TARGET = 17.6;
				LD_RUNPATH_SEARCH_PATHS = "@executable_path/Frameworks";
				"LD_RUNPATH_SEARCH_PATHS[sdk=macosx*]" = "@executable_path/../Frameworks";
				MACOSX_DEPLOYMENT_TARGET = 26.2;
				MARKETING_VERSION = 1.0;
				PRODUCT_BUNDLE_IDENTIFIER = com.ian.jiwonkim.LOLIVE;
				PRODUCT_NAME = "$(TARGET_NAME)";
				REGISTER_APP_GROUPS = YES;
				SDKROOT = auto;
				STRING_CATALOG_GENERATE_SYMBOLS = YES;
				SUPPORTED_PLATFORMS = "iphoneos iphonesimulator macosx xros xrsimulator";
				SWIFT_APPROACHABLE_CONCURRENCY = NO;
				SWIFT_EMIT_LOC_STRINGS = YES;
				SWIFT_UPCOMING_FEATURE_MEMBER_IMPORT_VISIBILITY = YES;
				SWIFT_USE_INTEGRATED_DRIVER = NO;
				SWIFT_VERSION = 5.0;
				TARGETED_DEVICE_FAMILY = "1,2,7";
				XROS_DEPLOYMENT_TARGET = 26.2;
			};
			name = Debug;
		};
		F8D274B82FB7354C00D35C21 /* Release */ = {
			isa = XCBuildConfiguration;
			buildSettings = {
				ASSETCATALOG_COMPILER_APPICON_NAME = AppIcon;
				ASSETCATALOG_COMPILER_GLOBAL_ACCENT_COLOR_NAME = AccentColor;
				CODE_SIGN_ENTITLEMENTS = LOLIVE/LOLIVE.entitlements;
				CODE_SIGN_STYLE = Automatic;
				CURRENT_PROJECT_VERSION = 1;
				DEVELOPMENT_TEAM = C5P7V9S6NT;
				ENABLE_APP_SANDBOX = YES;
				ENABLE_HARDENED_RUNTIME = YES;
				ENABLE_PREVIEWS = YES;
				ENABLE_USER_SELECTED_FILES = readonly;
				GENERATE_INFOPLIST_FILE = YES;
				INFOPLIST_KEY_NSSupportsLiveActivities = YES;
				INFOPLIST_KEY_NSSupportsLiveActivitiesFrequentUpdates = YES;
				"INFOPLIST_KEY_UIApplicationSceneManifest_Generation[sdk=iphoneos*]" = YES;
				"INFOPLIST_KEY_UIApplicationSceneManifest_Generation[sdk=iphonesimulator*]" = YES;
				"INFOPLIST_KEY_UIApplicationSupportsIndirectInputEvents[sdk=iphoneos*]" = YES;
				"INFOPLIST_KEY_UIApplicationSupportsIndirectInputEvents[sdk=iphonesimulator*]" = YES;
				"INFOPLIST_KEY_UILaunchScreen_Generation[sdk=iphoneos*]" = YES;
				"INFOPLIST_KEY_UILaunchScreen_Generation[sdk=iphonesimulator*]" = YES;
				"INFOPLIST_KEY_UIStatusBarStyle[sdk=iphoneos*]" = UIStatusBarStyleDefault;
				"INFOPLIST_KEY_UIStatusBarStyle[sdk=iphonesimulator*]" = UIStatusBarStyleDefault;
				INFOPLIST_KEY_UISupportedInterfaceOrientations_iPad = "UIInterfaceOrientationPortrait UIInterfaceOrientationPortraitUpsideDown UIInterfaceOrientationLandscapeLeft UIInterfaceOrientationLandscapeRight";
				INFOPLIST_KEY_UISupportedInterfaceOrientations_iPhone = "UIInterfaceOrientationPortrait UIInterfaceOrientationLandscapeLeft UIInterfaceOrientationLandscapeRight";
				IPHONEOS_DEPLOYMENT_TARGET = 17.6;
				LD_RUNPATH_SEARCH_PATHS = "@executable_path/Frameworks";
				"LD_RUNPATH_SEARCH_PATHS[sdk=macosx*]" = "@executable_path/../Frameworks";
				MACOSX_DEPLOYMENT_TARGET = 26.2;
				MARKETING_VERSION = 1.0;
				PRODUCT_BUNDLE_IDENTIFIER = com.ian.jiwonkim.LOLIVE;
				PRODUCT_NAME = "$(TARGET_NAME)";
				REGISTER_APP_GROUPS = YES;
				SDKROOT = auto;
				STRING_CATALOG_GENERATE_SYMBOLS = YES;
				SUPPORTED_PLATFORMS = "iphoneos iphonesimulator macosx xros xrsimulator";
				SWIFT_APPROACHABLE_CONCURRENCY = NO;
				SWIFT_EMIT_LOC_STRINGS = YES;
				SWIFT_UPCOMING_FEATURE_MEMBER_IMPORT_VISIBILITY = YES;
				SWIFT_USE_INTEGRATED_DRIVER = NO;
				SWIFT_VERSION = 5.0;
				TARGETED_DEVICE_FAMILY = "1,2,7";
				XROS_DEPLOYMENT_TARGET = 26.2;
			};
			name = Release;
		};
		F8D274BA2FB7354C00D35C21 /* Debug */ = {
			isa = XCBuildConfiguration;
			buildSettings = {
				BUNDLE_LOADER = "$(TEST_HOST)";
				CODE_SIGN_STYLE = Automatic;
				CURRENT_PROJECT_VERSION = 1;
				DEVELOPMENT_TEAM = C5P7V9S6NT;
				GENERATE_INFOPLIST_FILE = YES;
				IPHONEOS_DEPLOYMENT_TARGET = 26.2;
				MACOSX_DEPLOYMENT_TARGET = 26.2;
				MARKETING_VERSION = 1.0;
				PRODUCT_BUNDLE_IDENTIFIER = com.ian.jiwonkim.LOLIVETests;
				PRODUCT_NAME = "$(TARGET_NAME)";
				SDKROOT = auto;
				STRING_CATALOG_GENERATE_SYMBOLS = NO;
				SUPPORTED_PLATFORMS = "iphoneos iphonesimulator macosx xros xrsimulator";
				SWIFT_APPROACHABLE_CONCURRENCY = NO;
				SWIFT_EMIT_LOC_STRINGS = NO;
				SWIFT_UPCOMING_FEATURE_MEMBER_IMPORT_VISIBILITY = YES;
				SWIFT_VERSION = 5.0;
				TARGETED_DEVICE_FAMILY = "1,2,7";
				TEST_HOST = "$(BUILT_PRODUCTS_DIR)/LOLIVE.app/$(BUNDLE_EXECUTABLE_FOLDER_PATH)/LOLIVE";
				XROS_DEPLOYMENT_TARGET = 26.2;
			};
			name = Debug;
		};
		F8D274BB2FB7354C00D35C21 /* Release */ = {
			isa = XCBuildConfiguration;
			buildSettings = {
				BUNDLE_LOADER = "$(TEST_HOST)";
				CODE_SIGN_STYLE = Automatic;
				CURRENT_PROJECT_VERSION = 1;
				DEVELOPMENT_TEAM = C5P7V9S6NT;
				GENERATE_INFOPLIST_FILE = YES;
				IPHONEOS_DEPLOYMENT_TARGET = 26.2;
				MACOSX_DEPLOYMENT_TARGET = 26.2;
				MARKETING_VERSION = 1.0;
				PRODUCT_BUNDLE_IDENTIFIER = com.ian.jiwonkim.LOLIVETests;
				PRODUCT_NAME = "$(TARGET_NAME)";
				SDKROOT = auto;
				STRING_CATALOG_GENERATE_SYMBOLS = NO;
				SUPPORTED_PLATFORMS = "iphoneos iphonesimulator macosx xros xrsimulator";
				SWIFT_APPROACHABLE_CONCURRENCY = NO;
				SWIFT_EMIT_LOC_STRINGS = NO;
				SWIFT_UPCOMING_FEATURE_MEMBER_IMPORT_VISIBILITY = YES;
				SWIFT_VERSION = 5.0;
				TARGETED_DEVICE_FAMILY = "1,2,7";
				TEST_HOST = "$(BUILT_PRODUCTS_DIR)/LOLIVE.app/$(BUNDLE_EXECUTABLE_FOLDER_PATH)/LOLIVE";
				XROS_DEPLOYMENT_TARGET = 26.2;
			};
			name = Release;
		};
		F8D274BD2FB7354C00D35C21 /* Debug */ = {
			isa = XCBuildConfiguration;
			buildSettings = {
				CODE_SIGN_STYLE = Automatic;
				CURRENT_PROJECT_VERSION = 1;
				DEVELOPMENT_TEAM = C5P7V9S6NT;
				GENERATE_INFOPLIST_FILE = YES;
				IPHONEOS_DEPLOYMENT_TARGET = 26.2;
				MACOSX_DEPLOYMENT_TARGET = 26.2;
				MARKETING_VERSION = 1.0;
				PRODUCT_BUNDLE_IDENTIFIER = com.ian.jiwonkim.LOLIVEUITests;
				PRODUCT_NAME = "$(TARGET_NAME)";
				SDKROOT = auto;
				STRING_CATALOG_GENERATE_SYMBOLS = NO;
				SUPPORTED_PLATFORMS = "iphoneos iphonesimulator macosx xros xrsimulator";
				SWIFT_APPROACHABLE_CONCURRENCY = NO;
				SWIFT_EMIT_LOC_STRINGS = NO;
				SWIFT_UPCOMING_FEATURE_MEMBER_IMPORT_VISIBILITY = YES;
				SWIFT_VERSION = 5.0;
				TARGETED_DEVICE_FAMILY = "1,2,7";
				TEST_TARGET_NAME = LOLIVE;
				XROS_DEPLOYMENT_TARGET = 26.2;
			};
			name = Debug;
		};
		F8D274BE2FB7354C00D35C21 /* Release */ = {
			isa = XCBuildConfiguration;
			buildSettings = {
				CODE_SIGN_STYLE = Automatic;
				CURRENT_PROJECT_VERSION = 1;
				DEVELOPMENT_TEAM = C5P7V9S6NT;
				GENERATE_INFOPLIST_FILE = YES;
				IPHONEOS_DEPLOYMENT_TARGET = 26.2;
				MACOSX_DEPLOYMENT_TARGET = 26.2;
				MARKETING_VERSION = 1.0;
				PRODUCT_BUNDLE_IDENTIFIER = com.ian.jiwonkim.LOLIVEUITests;
				PRODUCT_NAME = "$(TARGET_NAME)";
				SDKROOT = auto;
				STRING_CATALOG_GENERATE_SYMBOLS = NO;
				SUPPORTED_PLATFORMS = "iphoneos iphonesimulator macosx xros xrsimulator";
				SWIFT_APPROACHABLE_CONCURRENCY = NO;
				SWIFT_EMIT_LOC_STRINGS = NO;
				SWIFT_UPCOMING_FEATURE_MEMBER_IMPORT_VISIBILITY = YES;
				SWIFT_VERSION = 5.0;
				TARGETED_DEVICE_FAMILY = "1,2,7";
				TEST_TARGET_NAME = LOLIVE;
				XROS_DEPLOYMENT_TARGET = 26.2;
			};
			name = Release;
		};
		F8D275582FB8BC1C00D35C21 /* Debug */ = {
			isa = XCBuildConfiguration;
			buildSettings = {
				ASSETCATALOG_COMPILER_GLOBAL_ACCENT_COLOR_NAME = AccentColor;
				ASSETCATALOG_COMPILER_WIDGET_BACKGROUND_COLOR_NAME = WidgetBackground;
				CODE_SIGN_ENTITLEMENTS = LOLIVEWidgetsExtension.entitlements;
				CODE_SIGN_STYLE = Automatic;
				CURRENT_PROJECT_VERSION = 1;
				DEVELOPMENT_TEAM = C5P7V9S6NT;
				GENERATE_INFOPLIST_FILE = YES;
				INFOPLIST_FILE = LOLIVEWidgets/Info.plist;
				INFOPLIST_KEY_CFBundleDisplayName = LOLIVEWidgets;
				INFOPLIST_KEY_NSHumanReadableCopyright = "";
				IPHONEOS_DEPLOYMENT_TARGET = 26.2;
				LD_RUNPATH_SEARCH_PATHS = (
					"$(inherited)",
					"@executable_path/Frameworks",
					"@executable_path/../../Frameworks",
				);
				MARKETING_VERSION = 1.0;
				PRODUCT_BUNDLE_IDENTIFIER = com.ian.jiwonkim.LOLIVE.LOLIVEWidgets;
				PRODUCT_NAME = "$(TARGET_NAME)";
				SDKROOT = iphoneos;
				SKIP_INSTALL = YES;
				STRING_CATALOG_GENERATE_SYMBOLS = YES;
				SWIFT_APPROACHABLE_CONCURRENCY = NO;
				SWIFT_EMIT_LOC_STRINGS = YES;
				SWIFT_UPCOMING_FEATURE_MEMBER_IMPORT_VISIBILITY = YES;
				SWIFT_USE_INTEGRATED_DRIVER = YES;
				SWIFT_VERSION = 5.0;
				TARGETED_DEVICE_FAMILY = "1,2";
			};
			name = Debug;
		};
		F8D275592FB8BC1C00D35C21 /* Release */ = {
			isa = XCBuildConfiguration;
			buildSettings = {
				ASSETCATALOG_COMPILER_GLOBAL_ACCENT_COLOR_NAME = AccentColor;
				ASSETCATALOG_COMPILER_WIDGET_BACKGROUND_COLOR_NAME = WidgetBackground;
				CODE_SIGN_ENTITLEMENTS = LOLIVEWidgetsExtension.entitlements;
				CODE_SIGN_STYLE = Automatic;
				CURRENT_PROJECT_VERSION = 1;
				DEVELOPMENT_TEAM = C5P7V9S6NT;
				GENERATE_INFOPLIST_FILE = YES;
				INFOPLIST_FILE = LOLIVEWidgets/Info.plist;
				INFOPLIST_KEY_CFBundleDisplayName = LOLIVEWidgets;
				INFOPLIST_KEY_NSHumanReadableCopyright = "";
				IPHONEOS_DEPLOYMENT_TARGET = 26.2;
				LD_RUNPATH_SEARCH_PATHS = (
					"$(inherited)",
					"@executable_path/Frameworks",
					"@executable_path/../../Frameworks",
				);
				MARKETING_VERSION = 1.0;
				PRODUCT_BUNDLE_IDENTIFIER = com.ian.jiwonkim.LOLIVE.LOLIVEWidgets;
				PRODUCT_NAME = "$(TARGET_NAME)";
				SDKROOT = iphoneos;
				SKIP_INSTALL = YES;
				STRING_CATALOG_GENERATE_SYMBOLS = YES;
				SWIFT_APPROACHABLE_CONCURRENCY = NO;
				SWIFT_EMIT_LOC_STRINGS = YES;
				SWIFT_UPCOMING_FEATURE_MEMBER_IMPORT_VISIBILITY = YES;
				SWIFT_USE_INTEGRATED_DRIVER = YES;
				SWIFT_VERSION = 5.0;
				TARGETED_DEVICE_FAMILY = "1,2";
				VALIDATE_PRODUCT = YES;
			};
			name = Release;
		};
/* End XCBuildConfiguration section */

/* Begin XCConfigurationList section */
		F8D274902FB7354B00D35C21 /* Build configuration list for PBXProject "LOLIVE" */ = {
			isa = XCConfigurationList;
			buildConfigurations = (
				F8D274B42FB7354C00D35C21 /* Debug */,
				F8D274B52FB7354C00D35C21 /* Release */,
			);
			defaultConfigurationIsVisible = 0;
			defaultConfigurationName = Release;
		};
		F8D274B62FB7354C00D35C21 /* Build configuration list for PBXNativeTarget "LOLIVE" */ = {
			isa = XCConfigurationList;
			buildConfigurations = (
				F8D274B72FB7354C00D35C21 /* Debug */,
				F8D274B82FB7354C00D35C21 /* Release */,
			);
			defaultConfigurationIsVisible = 0;
			defaultConfigurationName = Release;
		};
		F8D274B92FB7354C00D35C21 /* Build configuration list for PBXNativeTarget "LOLIVETests" */ = {
			isa = XCConfigurationList;
			buildConfigurations = (
				F8D274BA2FB7354C00D35C21 /* Debug */,
				F8D274BB2FB7354C00D35C21 /* Release */,
			);
			defaultConfigurationIsVisible = 0;
			defaultConfigurationName = Release;
		};
		F8D274BC2FB7354C00D35C21 /* Build configuration list for PBXNativeTarget "LOLIVEUITests" */ = {
			isa = XCConfigurationList;
			buildConfigurations = (
				F8D274BD2FB7354C00D35C21 /* Debug */,
				F8D274BE2FB7354C00D35C21 /* Release */,
			);
			defaultConfigurationIsVisible = 0;
			defaultConfigurationName = Release;
		};
		F8D275572FB8BC1C00D35C21 /* Build configuration list for PBXNativeTarget "LOLIVEWidgetsExtension" */ = {
			isa = XCConfigurationList;
			buildConfigurations = (
				F8D275582FB8BC1C00D35C21 /* Debug */,
				F8D275592FB8BC1C00D35C21 /* Release */,
			);
			defaultConfigurationIsVisible = 0;
			defaultConfigurationName = Release;
		};
/* End XCConfigurationList section */
	};
	rootObject = F8D2748D2FB7354B00D35C21 /* Project object */;
}
